
Microsoft Visual Studio Solution File, Format Version 12.00
# Visual Studio 14
VisualStudioVersion = 14.0.23107.0
MinimumVisualStudioVersion = 10.0.40219.1
Project("{FAE04EC0-301F-11D3-BF4B-00C04F79EFBC}") = "Framework.Data.EF", "Data.EntityFramework\Framework.Data.EF.csproj", "{BC645613-08A5-4F9E-8BE1-C677819BA747}"
EndProject
Global
	GlobalSection(SolutionConfigurationPlatforms) = preSolution
		Debug|Any CPU = Debug|Any CPU
		Release v4.5|Any CPU = Release v4.5|Any CPU
	EndGlobalSection
	GlobalSection(ProjectConfigurationPlatforms) = postSolution
		{BC645613-08A5-4F9E-8BE1-C677819BA747}.Debug|Any CPU.ActiveCfg = Debug|Any CPU
		{BC645613-08A5-4F9E-8BE1-C677819BA747}.Debug|Any CPU.Build.0 = Debug|Any CPU
		{BC645613-08A5-4F9E-8BE1-C677819BA747}.Release v4.5|Any CPU.ActiveCfg = Release v4.5|Any CPU
		{BC645613-08A5-4F9E-8BE1-C677819BA747}.Release v4.5|Any CPU.Build.0 = Release v4.5|Any CPU
	EndGlobalSection
	GlobalSection(SolutionProperties) = preSolution
		HideSolutionNode = FALSE
	EndGlobalSection
EndGlobal
